
Microsoft Visual Studio Solution File, Format Version 12.00
# Visual Studio Version 16
VisualStudioVersion = 16.0.29728.190
MinimumVisualStudioVersion = 10.0.40219.1
Project("{FAE04EC0-301F-11D3-BF4B-00C04F79EFBC}") = "semens_helper.UWP", "semens_helper\semens_helper.UWP\semens_helper.UWP.csproj", "{8AD50A98-7890-477B-AFF9-08AF5C50AF83}"
EndProject
Project("{FAE04EC0-301F-11D3-BF4B-00C04F79EFBC}") = "semens_helper.Android", "semens_helper\semens_helper.Android\semens_helper.Android.csproj", "{E721C3E1-782A-4F59-A674-8BBD8DB5EAFC}"
EndProject
Project("{FAE04EC0-301F-11D3-BF4B-00C04F79EFBC}") = "semens_helper.iOS", "semens_helper\semens_helper.iOS\semens_helper.iOS.csproj", "{B02CA4D0-E582-48E4-9D49-7618D957E5FA}"
EndProject
Project("{9A19103F-16F7-4668-BE54-9A1E7A4F7556}") = "semens_helper", "semens_helper\semens_helper\semens_helper.csproj", "{85D7D4EB-C850-4C76-91EC-8227C22019BC}"
EndProject
Project("{FAE04EC0-301F-11D3-BF4B-00C04F79EFBC}") = "SemensHelperCore", "SemensHelperCore\SemensHelperCore.csproj", "{F39860DE-2980-4D7C-AFB6-27D30F7BD59A}"
EndProject
Global
	GlobalSection(SolutionConfigurationPlatforms) = preSolution
		Debug|Any CPU = Debug|Any CPU
		Debug|ARM = Debug|ARM
		Debug|iPhone = Debug|iPhone
		Debug|iPhoneSimulator = Debug|iPhoneSimulator
		Debug|x64 = Debug|x64
		Debug|x86 = Debug|x86
		Release|Any CPU = Release|Any CPU
		Release|ARM = Release|ARM
		Release|iPhone = Release|iPhone
		Release|iPhoneSimulator = Release|iPhoneSimulator
		Release|x64 = Release|x64
		Release|x86 = Release|x86
	EndGlobalSection
	GlobalSection(ProjectConfigurationPlatforms) = postSolution
		{8AD50A98-7890-477B-AFF9-08AF5C50AF83}.Debug|Any CPU.ActiveCfg = Debug|x86
		{8AD50A98-7890-477B-AFF9-08AF5C50AF83}.Debug|Any CPU.Build.0 = Debug|x86
		{8AD50A98-7890-477B-AFF9-08AF5C50AF83}.Debug|Any CPU.Deploy.0 = Debug|x86
		{8AD50A98-7890-477B-AFF9-08AF5C50AF83}.Debug|ARM.ActiveCfg = Debug|ARM
		{8AD50A98-7890-477B-AFF9-08AF5C50AF83}.Debug|ARM.Build.0 = Debug|ARM
		{8AD50A98-7890-477B-AFF9-08AF5C50AF83}.Debug|ARM.Deploy.0 = Debug|ARM
		{8AD50A98-7890-477B-AFF9-08AF5C50AF83}.Debug|iPhone.ActiveCfg = Debug|x86
		{8AD50A98-7890-477B-AFF9-08AF5C50AF83}.Debug|iPhone.Build.0 = Debug|x86
		{8AD50A98-7890-477B-AFF9-08AF5C50AF83}.Debug|iPhone.Deploy.0 = Debug|x86
		{8AD50A98-7890-477B-AFF9-08AF5C50AF83}.Debug|iPhoneSimulator.ActiveCfg = Debug|x86
		{8AD50A98-7890-477B-AFF9-08AF5C50AF83}.Debug|iPhoneSimulator.Build.0 = Debug|x86
		{8AD50A98-7890-477B-AFF9-08AF5C50AF83}.Debug|iPhoneSimulator.Deploy.0 = Debug|x86
		{8AD50A98-7890-477B-AFF9-08AF5C50AF83}.Debug|x64.ActiveCfg = Debug|x64
		{8AD50A98-7890-477B-AFF9-08AF5C50AF83}.Debug|x64.Build.0 = Debug|x64
		{8AD50A98-7890-477B-AFF9-08AF5C50AF83}.Debug|x64.Deploy.0 = Debug|x64
		{8AD50A98-7890-477B-AFF9-08AF5C50AF83}.Debug|x86.ActiveCfg = Debug|x86
		{8AD50A98-7890-477B-AFF9-08AF5C50AF83}.Debug|x86.Build.0 = Debug|x86
		{8AD50A98-7890-477B-AFF9-08AF5C50AF83}.Debug|x86.Deploy.0 = Debug|x86
		{8AD50A98-7890-477B-AFF9-08AF5C50AF83}.Release|Any CPU.ActiveCfg = Release|x86
		{8AD50A98-7890-477B-AFF9-08AF5C50AF83}.Release|Any CPU.Build.0 = Release|x86
		{8AD50A98-7890-477B-AFF9-08AF5C50AF83}.Release|Any CPU.Deploy.0 = Release|x86
		{8AD50A98-7890-477B-AFF9-08AF5C50AF83}.Release|ARM.ActiveCfg = Release|ARM
		{8AD50A98-7890-477B-AFF9-08AF5C50AF83}.Release|ARM.Build.0 = Release|ARM
		{8AD50A98-7890-477B-AFF9-08AF5C50AF83}.Release|ARM.Deploy.0 = Release|ARM
		{8AD50A98-7890-477B-AFF9-08AF5C50AF83}.Release|iPhone.ActiveCfg = Release|x86
		{8AD50A98-7890-477B-AFF9-08AF5C50AF83}.Release|iPhone.Build.0 = Release|x86
		{8AD50A98-7890-477B-AFF9-08AF5C50AF83}.Release|iPhone.Deploy.0 = Release|x86
		{8AD50A98-7890-477B-AFF9-08AF5C50AF83}.Release|iPhoneSimulator.ActiveCfg = Release|x86
		{8AD50A98-7890-477B-AFF9-08AF5C50AF83}.Release|iPhoneSimulator.Build.0 = Release|x86
		{8AD50A98-7890-477B-AFF9-08AF5C50AF83}.Release|iPhoneSimulator.Deploy.0 = Release|x86
		{8AD50A98-7890-477B-AFF9-08AF5C50AF83}.Release|x64.ActiveCfg = Release|x64
		{8AD50A98-7890-477B-AFF9-08AF5C50AF83}.Release|x64.Build.0 = Release|x64
		{8AD50A98-7890-477B-AFF9-08AF5C50AF83}.Release|x64.Deploy.0 = Release|x64
		{8AD50A98-7890-477B-AFF9-08AF5C50AF83}.Release|x86.ActiveCfg = Release|x86
		{8AD50A98-7890-477B-AFF9-08AF5C50AF83}.Release|x86.Build.0 = Release|x86
		{8AD50A98-7890-477B-AFF9-08AF5C50AF83}.Release|x86.Deploy.0 = Release|x86
		{E721C3E1-782A-4F59-A674-8BBD8DB5EAFC}.Debug|Any CPU.ActiveCfg = Debug|Any CPU
		{E721C3E1-782A-4F59-A674-8BBD8DB5EAFC}.Debug|Any CPU.Build.0 = Debug|Any CPU
		{E721C3E1-782A-4F59-A674-8BBD8DB5EAFC}.Debug|Any CPU.Deploy.0 = Debug|Any CPU
		{E721C3E1-782A-4F59-A674-8BBD8DB5EAFC}.Debug|ARM.ActiveCfg = Debug|Any CPU
		{E721C3E1-782A-4F59-A674-8BBD8DB5EAFC}.Debug|ARM.Build.0 = Debug|Any CPU
		{E721C3E1-782A-4F59-A674-8BBD8DB5EAFC}.Debug|ARM.Deploy.0 = Debug|Any CPU
		{E721C3E1-782A-4F59-A674-8BBD8DB5EAFC}.Debug|iPhone.ActiveCfg = Debug|Any CPU
		{E721C3E1-782A-4F59-A674-8BBD8DB5EAFC}.Debug|iPhone.Build.0 = Debug|Any CPU
		{E721C3E1-782A-4F59-A674-8BBD8DB5EAFC}.Debug|iPhone.Deploy.0 = Debug|Any CPU
		{E721C3E1-782A-4F59-A674-8BBD8DB5EAFC}.Debug|iPhoneSimulator.ActiveCfg = Debug|Any CPU
		{E721C3E1-782A-4F59-A674-8BBD8DB5EAFC}.Debug|iPhoneSimulator.Build.0 = Debug|Any CPU
		{E721C3E1-782A-4F59-A674-8BBD8DB5EAFC}.Debug|iPhoneSimulator.Deploy.0 = Debug|Any CPU
		{E721C3E1-782A-4F59-A674-8BBD8DB5EAFC}.Debug|x64.ActiveCfg = Debug|Any CPU
		{E721C3E1-782A-4F59-A674-8BBD8DB5EAFC}.Debug|x64.Build.0 = Debug|Any CPU
		{E721C3E1-782A-4F59-A674-8BBD8DB5EAFC}.Debug|x64.Deploy.0 = Debug|Any CPU
		{E721C3E1-782A-4F59-A674-8BBD8DB5EAFC}.Debug|x86.ActiveCfg = Debug|Any CPU
		{E721C3E1-782A-4F59-A674-8BBD8DB5EAFC}.Debug|x86.Build.0 = Debug|Any CPU
		{E721C3E1-782A-4F59-A674-8BBD8DB5EAFC}.Debug|x86.Deploy.0 = Debug|Any CPU
		{E721C3E1-782A-4F59-A674-8BBD8DB5EAFC}.Release|Any CPU.ActiveCfg = Release|Any CPU
		{E721C3E1-782A-4F59-A674-8BBD8DB5EAFC}.Release|Any CPU.Build.0 = Release|Any CPU
		{E721C3E1-782A-4F59-A674-8BBD8DB5EAFC}.Release|Any CPU.Deploy.0 = Release|Any CPU
		{E721C3E1-782A-4F59-A674-8BBD8DB5EAFC}.Release|ARM.ActiveCfg = Release|Any CPU
		{E721C3E1-782A-4F59-A674-8BBD8DB5EAFC}.Release|ARM.Build.0 = Release|Any CPU
		{E721C3E1-782A-4F59-A674-8BBD8DB5EAFC}.Release|ARM.Deploy.0 = Release|Any CPU
		{E721C3E1-782A-4F59-A674-8BBD8DB5EAFC}.Release|iPhone.ActiveCfg = Release|Any CPU
		{E721C3E1-782A-4F59-A674-8BBD8DB5EAFC}.Release|iPhone.Build.0 = Release|Any CPU
		{E721C3E1-782A-4F59-A674-8BBD8DB5EAFC}.Release|iPhone.Deploy.0 = Release|Any CPU
		{E721C3E1-782A-4F59-A674-8BBD8DB5EAFC}.Release|iPhoneSimulator.ActiveCfg = Release|Any CPU
		{E721C3E1-782A-4F59-A674-8BBD8DB5EAFC}.Release|iPhoneSimulator.Build.0 = Release|Any CPU
		{E721C3E1-782A-4F59-A674-8BBD8DB5EAFC}.Release|iPhoneSimulator.Deploy.0 = Release|Any CPU
		{E721C3E1-782A-4F59-A674-8BBD8DB5EAFC}.Release|x64.ActiveCfg = Release|Any CPU
		{E721C3E1-782A-4F59-A674-8BBD8DB5EAFC}.Release|x64.Build.0 = Release|Any CPU
		{E721C3E1-782A-4F59-A674-8BBD8DB5EAFC}.Release|x64.Deploy.0 = Release|Any CPU
		{E721C3E1-782A-4F59-A674-8BBD8DB5EAFC}.Release|x86.ActiveCfg = Release|Any CPU
		{E721C3E1-782A-4F59-A674-8BBD8DB5EAFC}.Release|x86.Build.0 = Release|Any CPU
		{E721C3E1-782A-4F59-A674-8BBD8DB5EAFC}.Release|x86.Deploy.0 = Release|Any CPU
		{B02CA4D0-E582-48E4-9D49-7618D957E5FA}.Debug|Any CPU.ActiveCfg = Debug|iPhone
		{B02CA4D0-E582-48E4-9D49-7618D957E5FA}.Debug|Any CPU.Build.0 = Debug|iPhone
		{B02CA4D0-E582-48E4-9D49-7618D957E5FA}.Debug|Any CPU.Deploy.0 = Debug|iPhone
		{B02CA4D0-E582-48E4-9D49-7618D957E5FA}.Debug|ARM.ActiveCfg = Debug|iPhoneSimulator
		{B02CA4D0-E582-48E4-9D49-7618D957E5FA}.Debug|ARM.Build.0 = Debug|iPhoneSimulator
		{B02CA4D0-E582-48E4-9D49-7618D957E5FA}.Debug|ARM.Deploy.0 = Debug|iPhoneSimulator
		{B02CA4D0-E582-48E4-9D49-7618D957E5FA}.Debug|iPhone.ActiveCfg = Debug|iPhone
		{B02CA4D0-E582-48E4-9D49-7618D957E5FA}.Debug|iPhone.Build.0 = Debug|iPhone
		{B02CA4D0-E582-48E4-9D49-7618D957E5FA}.Debug|iPhone.Deploy.0 = Debug|iPhone
		{B02CA4D0-E582-48E4-9D49-7618D957E5FA}.Debug|iPhoneSimulator.ActiveCfg = Debug|iPhoneSimulator
		{B02CA4D0-E582-48E4-9D49-7618D957E5FA}.Debug|iPhoneSimulator.Build.0 = Debug|iPhoneSimulator
		{B02CA4D0-E582-48E4-9D49-7618D957E5FA}.Debug|iPhoneSimulator.Deploy.0 = Debug|iPhoneSimulator
		{B02CA4D0-E582-48E4-9D49-7618D957E5FA}.Debug|x64.ActiveCfg = Debug|iPhone
		{B02CA4D0-E582-48E4-9D49-7618D957E5FA}.Debug|x64.Build.0 = Debug|iPhone
		{B02CA4D0-E582-48E4-9D49-7618D957E5FA}.Debug|x64.Deploy.0 = Debug|iPhone
		{B02CA4D0-E582-48E4-9D49-7618D957E5FA}.Debug|x86.ActiveCfg = Debug|iPhone
		{B02CA4D0-E582-48E4-9D49-7618D957E5FA}.Debug|x86.Build.0 = Debug|iPhone
		{B02CA4D0-E582-48E4-9D49-7618D957E5FA}.Debug|x86.Deploy.0 = Debug|iPhone
		{B02CA4D0-E582-48E4-9D49-7618D957E5FA}.Release|Any CPU.ActiveCfg = Release|iPhone
		{B02CA4D0-E582-48E4-9D49-7618D957E5FA}.Release|Any CPU.Build.0 = Release|iPhone
		{B02CA4D0-E582-48E4-9D49-7618D957E5FA}.Release|Any CPU.Deploy.0 = Release|iPhone
		{B02CA4D0-E582-48E4-9D49-7618D957E5FA}.Release|ARM.ActiveCfg = Release|iPhone
		{B02CA4D0-E582-48E4-9D49-7618D957E5FA}.Release|ARM.Build.0 = Release|iPhone
		{B02CA4D0-E582-48E4-9D49-7618D957E5FA}.Release|ARM.Deploy.0 = Release|iPhone
		{B02CA4D0-E582-48E4-9D49-7618D957E5FA}.Release|iPhone.ActiveCfg = Release|iPhone
		{B02CA4D0-E582-48E4-9D49-7618D957E5FA}.Release|iPhone.Build.0 = Release|iPhone
		{B02CA4D0-E582-48E4-9D49-7618D957E5FA}.Release|iPhone.Deploy.0 = Release|iPhone
		{B02CA4D0-E582-48E4-9D49-7618D957E5FA}.Release|iPhoneSimulator.ActiveCfg = Release|iPhoneSimulator
		{B02CA4D0-E582-48E4-9D49-7618D957E5FA}.Release|iPhoneSimulator.Build.0 = Release|iPhoneSimulator
		{B02CA4D0-E582-48E4-9D49-7618D957E5FA}.Release|iPhoneSimulator.Deploy.0 = Release|iPhoneSimulator
		{B02CA4D0-E582-48E4-9D49-7618D957E5FA}.Release|x64.ActiveCfg = Release|iPhone
		{B02CA4D0-E582-48E4-9D49-7618D957E5FA}.Release|x64.Build.0 = Release|iPhone
		{B02CA4D0-E582-48E4-9D49-7618D957E5FA}.Release|x64.Deploy.0 = Release|iPhone
		{B02CA4D0-E582-48E4-9D49-7618D957E5FA}.Release|x86.ActiveCfg = Release|iPhone
		{B02CA4D0-E582-48E4-9D49-7618D957E5FA}.Release|x86.Build.0 = Release|iPhone
		{B02CA4D0-E582-48E4-9D49-7618D957E5FA}.Release|x86.Deploy.0 = Release|iPhone
		{85D7D4EB-C850-4C76-91EC-8227C22019BC}.Debug|Any CPU.ActiveCfg = Debug|Any CPU
		{85D7D4EB-C850-4C76-91EC-8227C22019BC}.Debug|Any CPU.Build.0 = Debug|Any CPU
		{85D7D4EB-C850-4C76-91EC-8227C22019BC}.Debug|Any CPU.Deploy.0 = Debug|Any CPU
		{85D7D4EB-C850-4C76-91EC-8227C22019BC}.Debug|ARM.ActiveCfg = Debug|Any CPU
		{85D7D4EB-C850-4C76-91EC-8227C22019BC}.Debug|ARM.Build.0 = Debug|Any CPU
		{85D7D4EB-C850-4C76-91EC-8227C22019BC}.Debug|ARM.Deploy.0 = Debug|Any CPU
		{85D7D4EB-C850-4C76-91EC-8227C22019BC}.Debug|iPhone.ActiveCfg = Debug|Any CPU
		{85D7D4EB-C850-4C76-91EC-8227C22019BC}.Debug|iPhone.Build.0 = Debug|Any CPU
		{85D7D4EB-C850-4C76-91EC-8227C22019BC}.Debug|iPhone.Deploy.0 = Debug|Any CPU
		{85D7D4EB-C850-4C76-91EC-8227C22019BC}.Debug|iPhoneSimulator.ActiveCfg = Debug|Any CPU
		{85D7D4EB-C850-4C76-91EC-8227C22019BC}.Debug|iPhoneSimulator.Build.0 = Debug|Any CPU
		{85D7D4EB-C850-4C76-91EC-8227C22019BC}.Debug|iPhoneSimulator.Deploy.0 = Debug|Any CPU
		{85D7D4EB-C850-4C76-91EC-8227C22019BC}.Debug|x64.ActiveCfg = Debug|Any CPU
		{85D7D4EB-C850-4C76-91EC-8227C22019BC}.Debug|x64.Build.0 = Debug|Any CPU
		{85D7D4EB-C850-4C76-91EC-8227C22019BC}.Debug|x64.Deploy.0 = Debug|Any CPU
		{85D7D4EB-C850-4C76-91EC-8227C22019BC}.Debug|x86.ActiveCfg = Debug|Any CPU
		{85D7D4EB-C850-4C76-91EC-8227C22019BC}.Debug|x86.Build.0 = Debug|Any CPU
		{85D7D4EB-C850-4C76-91EC-8227C22019BC}.Debug|x86.Deploy.0 = Debug|Any CPU
		{85D7D4EB-C850-4C76-91EC-8227C22019BC}.Release|Any CPU.ActiveCfg = Release|Any CPU
		{85D7D4EB-C850-4C76-91EC-8227C22019BC}.Release|Any CPU.Build.0 = Release|Any CPU
		{85D7D4EB-C850-4C76-91EC-8227C22019BC}.Release|Any CPU.Deploy.0 = Release|Any CPU
		{85D7D4EB-C850-4C76-91EC-8227C22019BC}.Release|ARM.ActiveCfg = Release|Any CPU
		{85D7D4EB-C850-4C76-91EC-8227C22019BC}.Release|ARM.Build.0 = Release|Any CPU
		{85D7D4EB-C850-4C76-91EC-8227C22019BC}.Release|ARM.Deploy.0 = Release|Any CPU
		{85D7D4EB-C850-4C76-91EC-8227C22019BC}.Release|iPhone.ActiveCfg = Release|Any CPU
		{85D7D4EB-C850-4C76-91EC-8227C22019BC}.Release|iPhone.Build.0 = Release|Any CPU
		{85D7D4EB-C850-4C76-91EC-8227C22019BC}.Release|iPhone.Deploy.0 = Release|Any CPU
		{85D7D4EB-C850-4C76-91EC-8227C22019BC}.Release|iPhoneSimulator.ActiveCfg = Release|Any CPU
		{85D7D4EB-C850-4C76-91EC-8227C22019BC}.Release|iPhoneSimulator.Build.0 = Release|Any CPU
		{85D7D4EB-C850-4C76-91EC-8227C22019BC}.Release|iPhoneSimulator.Deploy.0 = Release|Any CPU
		{85D7D4EB-C850-4C76-91EC-8227C22019BC}.Release|x64.ActiveCfg = Release|Any CPU
		{85D7D4EB-C850-4C76-91EC-8227C22019BC}.Release|x64.Build.0 = Release|Any CPU
		{85D7D4EB-C850-4C76-91EC-8227C22019BC}.Release|x64.Deploy.0 = Release|Any CPU
		{85D7D4EB-C850-4C76-91EC-8227C22019BC}.Release|x86.ActiveCfg = Release|Any CPU
		{85D7D4EB-C850-4C76-91EC-8227C22019BC}.Release|x86.Build.0 = Release|Any CPU
		{85D7D4EB-C850-4C76-91EC-8227C22019BC}.Release|x86.Deploy.0 = Release|Any CPU
		{F39860DE-2980-4D7C-AFB6-27D30F7BD59A}.Debug|Any CPU.ActiveCfg = Debug|Any CPU
		{F39860DE-2980-4D7C-AFB6-27D30F7BD59A}.Debug|Any CPU.Build.0 = Debug|Any CPU
		{F39860DE-2980-4D7C-AFB6-27D30F7BD59A}.Debug|ARM.ActiveCfg = Debug|Any CPU
		{F39860DE-2980-4D7C-AFB6-27D30F7BD59A}.Debug|ARM.Build.0 = Debug|Any CPU
		{F39860DE-2980-4D7C-AFB6-27D30F7BD59A}.Debug|iPhone.ActiveCfg = Debug|Any CPU
		{F39860DE-2980-4D7C-AFB6-27D30F7BD59A}.Debug|iPhone.Build.0 = Debug|Any CPU
		{F39860DE-2980-4D7C-AFB6-27D30F7BD59A}.Debug|iPhoneSimulator.ActiveCfg = Debug|Any CPU
		{F39860DE-2980-4D7C-AFB6-27D30F7BD59A}.Debug|iPhoneSimulator.Build.0 = Debug|Any CPU
		{F39860DE-2980-4D7C-AFB6-27D30F7BD59A}.Debug|x64.ActiveCfg = Debug|Any CPU
		{F39860DE-2980-4D7C-AFB6-27D30F7BD59A}.Debug|x64.Build.0 = Debug|Any CPU
		{F39860DE-2980-4D7C-AFB6-27D30F7BD59A}.Debug|x86.ActiveCfg = Debug|Any CPU
		{F39860DE-2980-4D7C-AFB6-27D30F7BD59A}.Debug|x86.Build.0 = Debug|Any CPU
		{F39860DE-2980-4D7C-AFB6-27D30F7BD59A}.Release|Any CPU.ActiveCfg = Release|Any CPU
		{F39860DE-2980-4D7C-AFB6-27D30F7BD59A}.Release|Any CPU.Build.0 = Release|Any CPU
		{F39860DE-2980-4D7C-AFB6-27D30F7BD59A}.Release|ARM.ActiveCfg = Release|Any CPU
		{F39860DE-2980-4D7C-AFB6-27D30F7BD59A}.Release|ARM.Build.0 = Release|Any CPU
		{F39860DE-2980-4D7C-AFB6-27D30F7BD59A}.Release|iPhone.ActiveCfg = Release|Any CPU
		{F39860DE-2980-4D7C-AFB6-27D30F7BD59A}.Release|iPhone.Build.0 = Release|Any CPU
		{F39860DE-2980-4D7C-AFB6-27D30F7BD59A}.Release|iPhoneSimulator.ActiveCfg = Release|Any CPU
		{F39860DE-2980-4D7C-AFB6-27D30F7BD59A}.Release|iPhoneSimulator.Build.0 = Release|Any CPU
		{F39860DE-2980-4D7C-AFB6-27D30F7BD59A}.Release|x64.ActiveCfg = Release|Any CPU
		{F39860DE-2980-4D7C-AFB6-27D30F7BD59A}.Release|x64.Build.0 = Release|Any CPU
		{F39860DE-2980-4D7C-AFB6-27D30F7BD59A}.Release|x86.ActiveCfg = Release|Any CPU
		{F39860DE-2980-4D7C-AFB6-27D30F7BD59A}.Release|x86.Build.0 = Release|Any CPU
	EndGlobalSection
	GlobalSection(SolutionProperties) = preSolution
		HideSolutionNode = FALSE
	EndGlobalSection
	GlobalSection(ExtensibilityGlobals) = postSolution
		SolutionGuid = {B82F7C0B-06B9-46AD-B736-6A75172D1FCF}
	EndGlobalSection
EndGlobal
